// !$*UTF8*$!
{
	archiveVersion = 1;
	classes = {
	};
	objectVersion = 50;
	objects = {

/* Begin PBXBuildFile section */
		FA2187BD26292ED1005B318F /* AppDelegate.swift in Sources */ = {isa = PBXBuildFile; fileRef = FA2187BC26292ED1005B318F /* AppDelegate.swift */; };
		FA2187BF26292ED1005B318F /* SceneDelegate.swift in Sources */ = {isa = PBXBuildFile; fileRef = FA2187BE26292ED1005B318F /* SceneDelegate.swift */; };
		FA2187C126292ED1005B318F /* ContentView.swift in Sources */ = {isa = PBXBuildFile; fileRef = FA2187C026292ED1005B318F /* ContentView.swift */; };
		FA2187C426292ED1005B318F /* GamesAPI.xcdatamodeld in Sources */ = {isa = PBXBuildFile; fileRef = FA2187C226292ED1005B318F /* GamesAPI.xcdatamodeld */; };
		FA2187C626292ED5005B318F /* Assets.xcassets in Resources */ = {isa = PBXBuildFile; fileRef = FA2187C526292ED5005B318F /* Assets.xcassets */; };
		FA2187C926292ED5005B318F /* Preview Assets.xcassets in Resources */ = {isa = PBXBuildFile; fileRef = FA2187C826292ED5005B318F /* Preview Assets.xcassets */; };
		FA2187CC26292ED5005B318F /* LaunchScreen.storyboard in Resources */ = {isa = PBXBuildFile; fileRef = FA2187CA26292ED5005B318F /* LaunchScreen.storyboard */; };
/* End PBXBuildFile section */

/* Begin PBXFileReference section */
		FA2187B926292ED1005B318F /* GamesAPI.app */ = {isa = PBXFileReference; explicitFileType = wrapper.application; includeInIndex = 0; path = GamesAPI.app; sourceTree = BUILT_PRODUCTS_DIR; };
		FA2187BC26292ED1005B318F /* AppDelegate.swift */ = {isa = PBXFileReference; lastKnownFileType = sourcecode.swift; path = AppDelegate.swift; sourceTree = "<group>"; };
		FA2187BE26292ED1005B318F /* SceneDelegate.swift */ = {isa = PBXFileReference; lastKnownFileType = sourcecode.swift; path = SceneDelegate.swift; sourceTree = "<group>"; };
		FA2187C026292ED1005B318F /* ContentView.swift */ = {isa = PBXFileReference; lastKnownFileType = sourcecode.swift; path = ContentView.swift; sourceTree = "<group>"; };
		FA2187C326292ED1005B318F /* GamesAPI.xcdatamodel */ = {isa = PBXFileReference; lastKnownFileType = wrapper.xcdatamodel; path = GamesAPI.xcdatamodel; sourceTree = "<group>"; };
		FA2187C526292ED5005B318F /* Assets.xcassets */ = {isa = PBXFileReference; lastKnownFileType = folder.assetcatalog; path = Assets.xcassets; sourceTree = "<group>"; };
		FA2187C826292ED5005B318F /* Preview Assets.xcassets */ = {isa = PBXFileReference; lastKnownFileType = folder.assetcatalog; path = "Preview Assets.xcassets"; sourceTree = "<group>"; };
		FA2187CB26292ED5005B318F /* Base */ = {isa = PBXFileReference; lastKnownFileType = file.storyboard; name = Base; path = Base.lproj/LaunchScreen.storyboard; sourceTree = "<group>"; };
		FA2187CD26292ED5005B318F /* Info.plist */ = {isa = PBXFileReference; lastKnownFileType = text.plist.xml; path = Info.plist; sourceTree = "<group>"; };
/* End PBXFileReference section */

/* Begin PBXFrameworksBuildPhase section */
		FA2187B626292ED1005B318F /* Frameworks */ = {
			isa = PBXFrameworksBuildPhase;
			buildActionMask = 2147483647;
			files = (
			);
			runOnlyForDeploymentPostprocessing = 0;
		};
/* End PBXFrameworksBuildPhase section */

/* Begin PBXGroup section */
		FA2187B026292ED1005B318F = {
			isa = PBXGroup;
			children = (
				FA2187BB26292ED1005B318F /* GamesAPI */,
				FA2187BA26292ED1005B318F /* Products */,
			);
			sourceTree = "<group>";
		};
		FA2187BA26292ED1005B318F /* Products */ = {
			isa = PBXGroup;
			children = (
				FA2187B926292ED1005B318F /* GamesAPI.app */,
			);
			name = Products;
			sourceTree = "<group>";
		};
		FA2187BB26292ED1005B318F /* GamesAPI */ = {
			isa = PBXGroup;
			children = (
				FA2187BC26292ED1005B318F /* AppDelegate.swift */,
				FA2187BE26292ED1005B318F /* SceneDelegate.swift */,
				FA2187C026292ED1005B318F /* ContentView.swift */,
				FA2187C526292ED5005B318F /* Assets.xcassets */,
				FA2187CA26292ED5005B318F /* LaunchScreen.storyboard */,
				FA2187CD26292ED5005B318F /* Info.plist */,
				FA2187C226292ED1005B318F /* GamesAPI.xcdatamodeld */,
				FA2187C726292ED5005B318F /* Preview Content */,
			);
			path = GamesAPI;
			sourceTree = "<group>";
		};
		FA2187C726292ED5005B318F /* Preview Content */ = {
			isa = PBXGroup;
			children = (
				FA2187C826292ED5005B318F /* Preview Assets.xcassets */,
			);
			path = "Preview Content";
			sourceTree = "<group>";
		};
/* End PBXGroup section */

/* Begin PBXNativeTarget section */
		FA2187B826292ED1005B318F /* GamesAPI */ = {
			isa = PBXNativeTarget;
			buildConfigurationList = FA2187D026292ED5005B318F /* Build configuration list for PBXNativeTarget "GamesAPI" */;
			buildPhases = (
				FA2187B526292ED1005B318F /* Sources */,
				FA2187B626292ED1005B318F /* Frameworks */,
				FA2187B726292ED1005B318F /* Resources */,
			);
			buildRules = (
			);
			dependencies = (
			);
			name = GamesAPI;
			productName = GamesAPI;
			productReference = FA2187B926292ED1005B318F /* GamesAPI.app */;
			productType = "com.apple.product-type.application";
		};
/* End PBXNativeTarget section */

/* Begin PBXProject section */
		FA2187B126292ED1005B318F /* Project object */ = {
			isa = PBXProject;
			attributes = {
				LastSwiftUpdateCheck = 1210;
				LastUpgradeCheck = 1210;
				TargetAttributes = {
					FA2187B826292ED1005B318F = {
						CreatedOnToolsVersion = 12.1;
					};
				};
			};
			buildConfigurationList = FA2187B426292ED1005B318F /* Build configuration list for PBXProject "GamesAPI" */;
			compatibilityVersion = "Xcode 9.3";
			developmentRegion = en;
			hasScannedForEncodings = 0;
			knownRegions = (
				en,
				Base,
			);
			mainGroup = FA2187B026292ED1005B318F;
			productRefGroup = FA2187BA26292ED1005B318F /* Products */;
			projectDirPath = "";
			projectRoot = "";
			targets = (
				FA2187B826292ED1005B318F /* GamesAPI */,
			);
		};
/* End PBXProject section */

/* Begin PBXResourcesBuildPhase section */
		FA2187B726292ED1005B318F /* Resources */ = {
			isa = PBXResourcesBuildPhase;
			buildActionMask = 2147483647;
			files = (
				FA2187CC26292ED5005B318F /* LaunchScreen.storyboard in Resources */,
				FA2187C926292ED5005B318F /* Preview Assets.xcassets in Resources */,
				FA2187C626292ED5005B318F /* Assets.xcassets in Resources */,
			);
			runOnlyForDeploymentPostprocessing = 0;
		};
/* End PBXResourcesBuildPhase section */

/* Begin PBXSourcesBuildPhase section */
		FA2187B526292ED1005B318F /* Sources */ = {
			isa = PBXSourcesBuildPhase;
			buildActionMask = 2147483647;
			files = (
				FA2187C426292ED1005B318F /* GamesAPI.xcdatamodeld in Sources */,
				FA2187BD26292ED1005B318F /* AppDelegate.swift in Sources */,
				FA2187BF26292ED1005B318F /* SceneDelegate.swift in Sources */,
				FA2187C126292ED1005B318F /* ContentView.swift in Sources */,
			);
			runOnlyForDeploymentPostprocessing = 0;
		};
/* End PBXSourcesBuildPhase section */

/* Begin PBXVariantGroup section */
		FA2187CA26292ED5005B318F /* LaunchScreen.storyboard */ = {
			isa = PBXVariantGroup;
			children = (
				FA2187CB26292ED5005B318F /* Base */,
			);
			name = LaunchScreen.storyboard;
			sourceTree = "<group>";
		};
/* End PBXVariantGroup section */

/* Begin XCBuildConfiguration section */
		FA2187CE26292ED5005B318F /* Debug */ = {
			isa = XCBuildConfiguration;
			buildSettings = {
				ALWAYS_SEARCH_USER_PATHS = NO;
				CLANG_ANALYZER_NONNULL = YES;
				CLANG_ANALYZER_NUMBER_OBJECT_CONVERSION = YES_AGGRESSIVE;
				CLANG_CXX_LANGUAGE_STANDARD = "gnu++14";
				CLANG_CXX_LIBRARY = "libc++";
				CLANG_ENABLE_MODULES = YES;
				CLANG_ENABLE_OBJC_ARC = YES;
				CLANG_ENABLE_OBJC_WEAK = YES;
				CLANG_WARN_BLOCK_CAPTURE_AUTORELEASING = YES;
				CLANG_WARN_BOOL_CONVERSION = YES;
				CLANG_WARN_COMMA = YES;
				CLANG_WARN_CONSTANT_CONVERSION = YES;
				CLANG_WARN_DEPRECATED_OBJC_IMPLEMENTATIONS = YES;
				CLANG_WARN_DIRECT_OBJC_ISA_USAGE = YES_ERROR;
				CLANG_WARN_DOCUMENTATION_COMMENTS = YES;
				CLANG_WARN_EMPTY_BODY = YES;
				CLANG_WARN_ENUM_CONVERSION = YES;
				CLANG_WARN_INFINITE_RECURSION = YES;
				CLANG_WARN_INT_CONVERSION = YES;
				CLANG_WARN_NON_LITERAL_NULL_CONVERSION = YES;
				CLANG_WARN_OBJC_IMPLICIT_RETAIN_SELF = YES;
				CLANG_WARN_OBJC_LITERAL_CONVERSION = YES;
				CLANG_WARN_OBJC_ROOT_CLASS = YES_ERROR;
				CLANG_WARN_QUOTED_INCLUDE_IN_FRAMEWORK_HEADER = YES;
				CLANG_WARN_RANGE_LOOP_ANALYSIS = YES;
				CLANG_WARN_STRICT_PROTOTYPES = YES;
				CLANG_WARN_SUSPICIOUS_MOVE = YES;
				CLANG_WARN_UNGUARDED_AVAILABILITY = YES_AGGRESSIVE;
				CLANG_WARN_UNREACHABLE_CODE = YES;
				CLANG_WARN__DUPLICATE_METHOD_MATCH = YES;
				COPY_PHASE_STRIP = NO;
				DEBUG_INFORMATION_FORMAT = dwarf;
				ENABLE_STRICT_OBJC_MSGSEND = YES;
				ENABLE_TESTABILITY = YES;
				GCC_C_LANGUAGE_STANDARD = gnu11;
				GCC_DYNAMIC_NO_PIC = NO;
				GCC_NO_COMMON_BLOCKS = YES;
				GCC_OPTIMIZATION_LEVEL = 0;
				GCC_PREPROCESSOR_DEFINITIONS = (
					"DEBUG=1",
					"$(inherited)",
				);
				GCC_WARN_64_TO_32_BIT_CONVERSION = YES;
				GCC_WARN_ABOUT_RETURN_TYPE = YES_ERROR;
				GCC_WARN_UNDECLARED_SELECTOR = YES;
				GCC_WARN_UNINITIALIZED_AUTOS = YES_AGGRESSIVE;
				GCC_WARN_UNUSED_FUNCTION = YES;
				GCC_WARN_UNUSED_VARIABLE = YES;
				IPHONEOS_DEPLOYMENT_TARGET = 14.1;
				MTL_ENABLE_DEBUG_INFO = INCLUDE_SOURCE;
				MTL_FAST_MATH = YES;
				ONLY_ACTIVE_ARCH = YES;
				SDKROOT = iphoneos;
				SWIFT_ACTIVE_COMPILATION_CONDITIONS = DEBUG;
				SWIFT_OPTIMIZATION_LEVEL = "-Onone";
			};
			name = Debug;
		};
		FA2187CF26292ED5005B318F /* Release */ = {
			isa = XCBuildConfiguration;
			buildSettings = {
				ALWAYS_SEARCH_USER_PATHS = NO;
				CLANG_ANALYZER_NONNULL = YES;
				CLANG_ANALYZER_NUMBER_OBJECT_CONVERSION = YES_AGGRESSIVE;
				CLANG_CXX_LANGUAGE_STANDARD = "gnu++14";
				CLANG_CXX_LIBRARY = "libc++";
				CLANG_ENABLE_MODULES = YES;
				CLANG_ENABLE_OBJC_ARC = YES;
				CLANG_ENABLE_OBJC_WEAK = YES;
				CLANG_WARN_BLOCK_CAPTURE_AUTORELEASING = YES;
				CLANG_WARN_BOOL_CONVERSION = YES;
				CLANG_WARN_COMMA = YES;
				CLANG_WARN_CONSTANT_CONVERSION = YES;
				CLANG_WARN_DEPRECATED_OBJC_IMPLEMENTATIONS = YES;
				CLANG_WARN_DIRECT_OBJC_ISA_USAGE = YES_ERROR;
				CLANG_WARN_DOCUMENTATION_COMMENTS = YES;
				CLANG_WARN_EMPTY_BODY = YES;
				CLANG_WARN_ENUM_CONVERSION = YES;
				CLANG_WARN_INFINITE_RECURSION = YES;
				CLANG_WARN_INT_CONVERSION = YES;
				CLANG_WARN_NON_LITERAL_NULL_CONVERSION = YES;
				CLANG_WARN_OBJC_IMPLICIT_RETAIN_SELF = YES;
				CLANG_WARN_OBJC_LITERAL_CONVERSION = YES;
				CLANG_WARN_OBJC_ROOT_CLASS = YES_ERROR;
				CLANG_WARN_QUOTED_INCLUDE_IN_FRAMEWORK_HEADER = YES;
				CLANG_WARN_RANGE_LOOP_ANALYSIS = YES;
				CLANG_WARN_STRICT_PROTOTYPES = YES;
				CLANG_WARN_SUSPICIOUS_MOVE = YES;
				CLANG_WARN_UNGUARDED_AVAILABILITY = YES_AGGRESSIVE;
				CLANG_WARN_UNREACHABLE_CODE = YES;
				CLANG_WARN__DUPLICATE_METHOD_MATCH = YES;
				COPY_PHASE_STRIP = NO;
				DEBUG_INFORMATION_FORMAT = "dwarf-with-dsym";
				ENABLE_NS_ASSERTIONS = NO;
				ENABLE_STRICT_OBJC_MSGSEND = YES;
				GCC_C_LANGUAGE_STANDARD = gnu11;
				GCC_NO_COMMON_BLOCKS = YES;
				GCC_WARN_64_TO_32_BIT_CONVERSION = YES;
				GCC_WARN_ABOUT_RETURN_TYPE = YES_ERROR;
				GCC_WARN_UNDECLARED_SELECTOR = YES;
				GCC_WARN_UNINITIALIZED_AUTOS = YES_AGGRESSIVE;
				GCC_WARN_UNUSED_FUNCTION = YES;
				GCC_WARN_UNUSED_VARIABLE = YES;
				IPHONEOS_DEPLOYMENT_TARGET = 14.1;
				MTL_ENABLE_DEBUG_INFO = NO;
				MTL_FAST_MATH = YES;
				SDKROOT = iphoneos;
				SWIFT_COMPILATION_MODE = wholemodule;
				SWIFT_OPTIMIZATION_LEVEL = "-O";
				VALIDATE_PRODUCT = YES;
			};
			name = Release;
		};
		FA2187D126292ED5005B318F /* Debug */ = {
			isa = XCBuildConfiguration;
			buildSettings = {
				ASSETCATALOG_COMPILER_APPICON_NAME = AppIcon;
				ASSETCATALOG_COMPILER_GLOBAL_ACCENT_COLOR_NAME = AccentColor;
				CODE_SIGN_STYLE = Automatic;
				DEVELOPMENT_ASSET_PATHS = "\"GamesAPI/Preview Content\"";
				DEVELOPMENT_TEAM = AN5W2J2N2K;
				ENABLE_PREVIEWS = YES;
				INFOPLIST_FILE = GamesAPI/Info.plist;
				LD_RUNPATH_SEARCH_PATHS = (
					"$(inherited)",
					"@executable_path/Frameworks",
				);
				PRODUCT_BUNDLE_IDENTIFIER = com.ahmadverel.GamesAPI;
				PRODUCT_NAME = "$(TARGET_NAME)";
				SWIFT_VERSION = 5.0;
				TARGETED_DEVICE_FAMILY = "1,2";
			};
			name = Debug;
		};
		FA2187D226292ED5005B318F /* Release */ = {
			isa = XCBuildConfiguration;
			buildSettings = {
				ASSETCATALOG_COMPILER_APPICON_NAME = AppIcon;
				ASSETCATALOG_COMPILER_GLOBAL_ACCENT_COLOR_NAME = AccentColor;
				CODE_SIGN_STYLE = Automatic;
				DEVELOPMENT_ASSET_PATHS = "\"GamesAPI/Preview Content\"";
				DEVELOPMENT_TEAM = AN5W2J2N2K;
				ENABLE_PREVIEWS = YES;
				INFOPLIST_FILE = GamesAPI/Info.plist;
				LD_RUNPATH_SEARCH_PATHS = (
					"$(inherited)",
					"@executable_path/Frameworks",
				);
				PRODUCT_BUNDLE_IDENTIFIER = com.ahmadverel.GamesAPI;
				PRODUCT_NAME = "$(TARGET_NAME)";
				SWIFT_VERSION = 5.0;
				TARGETED_DEVICE_FAMILY = "1,2";
			};
			name = Release;
		};
/* End XCBuildConfiguration section */

/* Begin XCConfigurationList section */
		FA2187B426292ED1005B318F /* Build configuration list for PBXProject "GamesAPI" */ = {
			isa = XCConfigurationList;
			buildConfigurations = (
				FA2187CE26292ED5005B318F /* Debug */,
				FA2187CF26292ED5005B318F /* Release */,
			);
			defaultConfigurationIsVisible = 0;
			defaultConfigurationName = Release;
		};
		FA2187D026292ED5005B318F /* Build configuration list for PBXNativeTarget "GamesAPI" */ = {
			isa = XCConfigurationList;
			buildConfigurations = (
				FA2187D126292ED5005B318F /* Debug */,
				FA2187D226292ED5005B318F /* Release */,
			);
			defaultConfigurationIsVisible = 0;
			defaultConfigurationName = Release;
		};
/* End XCConfigurationList section */

/* Begin XCVersionGroup section */
		FA2187C226292ED1005B318F /* GamesAPI.xcdatamodeld */ = {
			isa = XCVersionGroup;
			children = (
				FA2187C326292ED1005B318F /* GamesAPI.xcdatamodel */,
			);
			currentVersion = FA2187C326292ED1005B318F /* GamesAPI.xcdatamodel */;
			path = GamesAPI.xcdatamodeld;
			sourceTree = "<group>";
			versionGroupType = wrapper.xcdatamodel;
		};
/* End XCVersionGroup section */
	};
	rootObject = FA2187B126292ED1005B318F /* Project object */;
}
